
Microsoft Visual Studio Solution File, Format Version 12.00
# Visual Studio Version 16
VisualStudioVersion = 25.0.1700.6
MinimumVisualStudioVersion = 10.0.40219.1
Project("{FAE04EC0-301F-11D3-BF4B-00C04F79EFBC}") = "blogapp", "blogapp\blogapp.csproj", "{ABA54980-A19D-4562-BC11-76A49094B24C}"
EndProject
Global
	GlobalSection(SolutionConfigurationPlatforms) = preSolution
		Debug|Any CPU = Debug|Any CPU
		Release|Any CPU = Release|Any CPU
	EndGlobalSection
	GlobalSection(ProjectConfigurationPlatforms) = postSolution
		{ABA54980-A19D-4562-BC11-76A49094B24C}.Debug|Any CPU.ActiveCfg = Debug|Any CPU
		{ABA54980-A19D-4562-BC11-76A49094B24C}.Debug|Any CPU.Build.0 = Debug|Any CPU
		{ABA54980-A19D-4562-BC11-76A49094B24C}.Release|Any CPU.ActiveCfg = Release|Any CPU
		{ABA54980-A19D-4562-BC11-76A49094B24C}.Release|Any CPU.Build.0 = Release|Any CPU
	EndGlobalSection
	GlobalSection(SolutionProperties) = preSolution
		HideSolutionNode = FALSE
	EndGlobalSection
	GlobalSection(ExtensibilityGlobals) = postSolution
		SolutionGuid = {042A6D38-36C8-47DF-A1FF-D97284774794}
	EndGlobalSection
EndGlobal
